
Microsoft Visual Studio Solution File, Format Version 12.00
# Visual Studio Version 16
VisualStudioVersion = 16.0.30621.155
MinimumVisualStudioVersion = 10.0.40219.1
Project("{FAE04EC0-301F-11D3-BF4B-00C04F79EFBC}") = "ukolmetody_skola", "ukolmetody_skola\ukolmetody_skola.csproj", "{981422ED-F411-45A5-8AC1-6E582240EBEE}"
EndProject
Global
	GlobalSection(SolutionConfigurationPlatforms) = preSolution
		Debug|Any CPU = Debug|Any CPU
		Release|Any CPU = Release|Any CPU
	EndGlobalSection
	GlobalSection(ProjectConfigurationPlatforms) = postSolution
		{981422ED-F411-45A5-8AC1-6E582240EBEE}.Debug|Any CPU.ActiveCfg = Debug|Any CPU
		{981422ED-F411-45A5-8AC1-6E582240EBEE}.Debug|Any CPU.Build.0 = Debug|Any CPU
		{981422ED-F411-45A5-8AC1-6E582240EBEE}.Release|Any CPU.ActiveCfg = Release|Any CPU
		{981422ED-F411-45A5-8AC1-6E582240EBEE}.Release|Any CPU.Build.0 = Release|Any CPU
	EndGlobalSection
	GlobalSection(SolutionProperties) = preSolution
		HideSolutionNode = FALSE
	EndGlobalSection
	GlobalSection(ExtensibilityGlobals) = postSolution
		SolutionGuid = {C62BCA22-F86F-443F-AA05-7F924687176E}
	EndGlobalSection
EndGlobal
